
Microsoft Visual Studio Solution File, Format Version 12.00
# Visual Studio Version 17
VisualStudioVersion = 17.5.33502.453
MinimumVisualStudioVersion = 10.0.40219.1
Project("{FAE04EC0-301F-11D3-BF4B-00C04F79EFBC}") = "RedBlueBall.Android", "RedBlueBall.Android\RedBlueBall.Android.csproj", "{E3A7E83D-1635-4966-A585-83A3BD883313}"
EndProject
Project("{FAE04EC0-301F-11D3-BF4B-00C04F79EFBC}") = "RedBlueBall", "RedBlueBall\RedBlueBall.csproj", "{AA1B0E63-B7C7-47DB-B55B-A89FD6899482}"
EndProject
Global
	GlobalSection(SolutionConfigurationPlatforms) = preSolution
		Debug|Any CPU = Debug|Any CPU
		Release|Any CPU = Release|Any CPU
	EndGlobalSection
	GlobalSection(ProjectConfigurationPlatforms) = postSolution
		{E3A7E83D-1635-4966-A585-83A3BD883313}.Debug|Any CPU.ActiveCfg = Debug|Any CPU
		{E3A7E83D-1635-4966-A585-83A3BD883313}.Debug|Any CPU.Build.0 = Debug|Any CPU
		{E3A7E83D-1635-4966-A585-83A3BD883313}.Debug|Any CPU.Deploy.0 = Debug|Any CPU
		{E3A7E83D-1635-4966-A585-83A3BD883313}.Release|Any CPU.ActiveCfg = Release|Any CPU
		{E3A7E83D-1635-4966-A585-83A3BD883313}.Release|Any CPU.Build.0 = Release|Any CPU
		{E3A7E83D-1635-4966-A585-83A3BD883313}.Release|Any CPU.Deploy.0 = Release|Any CPU
		{AA1B0E63-B7C7-47DB-B55B-A89FD6899482}.Debug|Any CPU.ActiveCfg = Debug|Any CPU
		{AA1B0E63-B7C7-47DB-B55B-A89FD6899482}.Debug|Any CPU.Build.0 = Debug|Any CPU
		{AA1B0E63-B7C7-47DB-B55B-A89FD6899482}.Release|Any CPU.ActiveCfg = Release|Any CPU
		{AA1B0E63-B7C7-47DB-B55B-A89FD6899482}.Release|Any CPU.Build.0 = Release|Any CPU
	EndGlobalSection
	GlobalSection(SolutionProperties) = preSolution
		HideSolutionNode = FALSE
	EndGlobalSection
	GlobalSection(ExtensibilityGlobals) = postSolution
		SolutionGuid = {85F6D57B-3B34-4C4E-94B1-41326CC1C1C1}
	EndGlobalSection
EndGlobal
